{
    "_meta": {
        "hash": {
            "sha256": "38ee347ce613103aa09174ba2e65e2e87c0c47ad1f5976a55382cd98381586e6"
        },
        "pipfile-spec": 6,
        "requires": {
            "python_version": "3.9"
        },
        "sources": [
            {
                "name": "pypi",
                "url": "https://pypi.org/simple",
                "verify_ssl": true
            }
        ]
    },
    "default": {
        "argon2-cffi": {
            "hashes": [
                "sha256:165cadae5ac1e26644f5ade3bd9c18d89963be51d9ea8817bd671006d7909057",
                "sha256:217b4f0f853ccbbb5045242946ad2e162e396064575860141b71a85eb47e475a",
                "sha256:245f64a203012b144b7b8c8ea6d468cb02b37caa5afee5ba4a10c80599334f6a",
                "sha256:4ad152c418f7eb640eac41ac815534e6aa61d1624530b8e7779114ecfbf327f8",
                "sha256:566ffb581bbd9db5562327aee71b2eda24a1c15b23a356740abe3c011bbe0dcb",
                "sha256:65213a9174320a1aee03fe826596e0620783966b49eb636955958b3074e87ff9",
                "sha256:bc513db2283c385ea4da31a2cd039c33380701f376f4edd12fe56db118a3b21a",
                "sha256:c7a7c8cc98ac418002090e4add5bebfff1b915ea1cb459c578cd8206fef10378",
                "sha256:e4d8f0ae1524b7b0372a3e574a2561cbdddb3fdb6c28b70a72868189bda19659",
                "sha256:f710b61103d1a1f692ca3ecbd1373e28aa5e545ac625ba067ff2feca1b2bb870",
                "sha256:fa7e7d1fc22514a32b1761fdfa1882b6baa5c36bb3ef557bdd69e6fc9ba14a41"
            ],
            "index": "pypi",
            "version": "==21.1.0"
        },
        "asgiref": {
            "hashes": [
                "sha256:4ef1ab46b484e3c706329cedeff284a5d40824200638503f5768edb6de7d58e9",
                "sha256:ffc141aa908e6f175673e7b1b3b7af4fdb0ecb738fc5c8b88f69f055c2415214"
            ],
            "markers": "python_version >= '3.6'",
            "version": "==3.4.1"
        },
        "cffi": {
            "hashes": [
                "sha256:00c878c90cb53ccfaae6b8bc18ad05d2036553e6d9d1d9dbcf323bbe83854ca3",
                "sha256:0104fb5ae2391d46a4cb082abdd5c69ea4eab79d8d44eaaf79f1b1fd806ee4c2",
                "sha256:06c48159c1abed75c2e721b1715c379fa3200c7784271b3c46df01383b593636",
                "sha256:0808014eb713677ec1292301ea4c81ad277b6cdf2fdd90fd540af98c0b101d20",
                "sha256:10dffb601ccfb65262a27233ac273d552ddc4d8ae1bf93b21c94b8511bffe728",
                "sha256:14cd121ea63ecdae71efa69c15c5543a4b5fbcd0bbe2aad864baca0063cecf27",
                "sha256:17771976e82e9f94976180f76468546834d22a7cc404b17c22df2a2c81db0c66",
                "sha256:181dee03b1170ff1969489acf1c26533710231c58f95534e3edac87fff06c443",
                "sha256:23cfe892bd5dd8941608f93348c0737e369e51c100d03718f108bf1add7bd6d0",
                "sha256:263cc3d821c4ab2213cbe8cd8b355a7f72a8324577dc865ef98487c1aeee2bc7",
                "sha256:2756c88cbb94231c7a147402476be2c4df2f6078099a6f4a480d239a8817ae39",
                "sha256:27c219baf94952ae9d50ec19651a687b826792055353d07648a5695413e0c605",
                "sha256:2a23af14f408d53d5e6cd4e3d9a24ff9e05906ad574822a10563efcef137979a",
                "sha256:31fb708d9d7c3f49a60f04cf5b119aeefe5644daba1cd2a0fe389b674fd1de37",
                "sha256:3415c89f9204ee60cd09b235810be700e993e343a408693e80ce7f6a40108029",
                "sha256:3773c4d81e6e818df2efbc7dd77325ca0dcb688116050fb2b3011218eda36139",
                "sha256:3b96a311ac60a3f6be21d2572e46ce67f09abcf4d09344c49274eb9e0bf345fc",
                "sha256:3f7d084648d77af029acb79a0ff49a0ad7e9d09057a9bf46596dac9514dc07df",
                "sha256:41d45de54cd277a7878919867c0f08b0cf817605e4eb94093e7516505d3c8d14",
                "sha256:4238e6dab5d6a8ba812de994bbb0a79bddbdf80994e4ce802b6f6f3142fcc880",
                "sha256:45db3a33139e9c8f7c09234b5784a5e33d31fd6907800b316decad50af323ff2",
                "sha256:45e8636704eacc432a206ac7345a5d3d2c62d95a507ec70d62f23cd91770482a",
                "sha256:4958391dbd6249d7ad855b9ca88fae690783a6be9e86df65865058ed81fc860e",
                "sha256:4a306fa632e8f0928956a41fa8e1d6243c71e7eb59ffbd165fc0b41e316b2474",
                "sha256:57e9ac9ccc3101fac9d6014fba037473e4358ef4e89f8e181f8951a2c0162024",
                "sha256:59888172256cac5629e60e72e86598027aca6bf01fa2465bdb676d37636573e8",
                "sha256:5e069f72d497312b24fcc02073d70cb989045d1c91cbd53979366077959933e0",
                "sha256:64d4ec9f448dfe041705426000cc13e34e6e5bb13736e9fd62e34a0b0c41566e",
                "sha256:6dc2737a3674b3e344847c8686cf29e500584ccad76204efea14f451d4cc669a",
                "sha256:74fdfdbfdc48d3f47148976f49fab3251e550a8720bebc99bf1483f5bfb5db3e",
                "sha256:75e4024375654472cc27e91cbe9eaa08567f7fbdf822638be2814ce059f58032",
                "sha256:786902fb9ba7433aae840e0ed609f45c7bcd4e225ebb9c753aa39725bb3e6ad6",
                "sha256:8b6c2ea03845c9f501ed1313e78de148cd3f6cad741a75d43a29b43da27f2e1e",
                "sha256:91d77d2a782be4274da750752bb1650a97bfd8f291022b379bb8e01c66b4e96b",
                "sha256:91ec59c33514b7c7559a6acda53bbfe1b283949c34fe7440bcf917f96ac0723e",
                "sha256:920f0d66a896c2d99f0adbb391f990a84091179542c205fa53ce5787aff87954",
                "sha256:a5263e363c27b653a90078143adb3d076c1a748ec9ecc78ea2fb916f9b861962",
                "sha256:abb9a20a72ac4e0fdb50dae135ba5e77880518e742077ced47eb1499e29a443c",
                "sha256:c2051981a968d7de9dd2d7b87bcb9c939c74a34626a6e2f8181455dd49ed69e4",
                "sha256:c21c9e3896c23007803a875460fb786118f0cdd4434359577ea25eb556e34c55",
                "sha256:c2502a1a03b6312837279c8c1bd3ebedf6c12c4228ddbad40912d671ccc8a962",
                "sha256:d4d692a89c5cf08a8557fdeb329b82e7bf609aadfaed6c0d79f5a449a3c7c023",
                "sha256:da5db4e883f1ce37f55c667e5c0de439df76ac4cb55964655906306918e7363c",
                "sha256:e7022a66d9b55e93e1a845d8c9eba2a1bebd4966cd8bfc25d9cd07d515b33fa6",
                "sha256:ef1f279350da2c586a69d32fc8733092fd32cc8ac95139a00377841f59a3f8d8",
                "sha256:f54a64f8b0c8ff0b64d18aa76675262e1700f3995182267998c31ae974fbc382",
                "sha256:f5c7150ad32ba43a07c4479f40241756145a1f03b43480e058cfd862bf5041c7",
                "sha256:f6f824dc3bce0edab5f427efcfb1d63ee75b6fcb7282900ccaf925be84efb0fc",
                "sha256:fd8a250edc26254fe5b33be00402e6d287f562b6a5b2152dec302fa15bb3e997",
                "sha256:ffaa5c925128e29efbde7301d8ecaf35c8c60ffbcd6a1ffd3a552177c8e5e796"
            ],
            "version": "==1.15.0"
        },
        "django": {
            "hashes": [
                "sha256:42573831292029639b798fe4d3812996bfe4ff3275f04566da90764daec011a5",
                "sha256:f6d2c4069c9b9bfac03bedff927ea1f9e0d29e34525cec8a68fd28eb2a8df7af"
            ],
            "index": "pypi",
            "version": "==3.2.8"
        },
        "django-crispy-forms": {
            "hashes": [
                "sha256:4dc9e5263c91c5f51766806a050ca2ec5c349d34c5cd91fcca3a1a0363b5e29e",
                "sha256:9c49d29dd9e98dc2e6e3a8b02670d72deb6edf7bc616986ca412d72c306b36a0"
            ],
            "index": "pypi",
            "version": "==1.13.0"
        },
        "django-debug-toolbar": {
            "hashes": [
                "sha256:8c5b13795d4040008ee69ba82dcdd259c49db346cf7d0de6e561a49d191f0860",
                "sha256:d7bab7573fab35b0fd029163371b7182f5826c13da69734beb675c761d06a4d3"
            ],
            "index": "pypi",
            "version": "==3.2.2"
        },
        "django-dynamic-formsets": {
            "hashes": [
                "sha256:12c49d762a90e1af6b6ca5373777d93fd259fe7ee074ff67a5af5deb9549952b"
            ],
            "index": "pypi",
            "version": "==0.0.8"
        },
        "django-environ": {
            "hashes": [
                "sha256:42593bee519a527602a467c7b682aee1a051c2597f98c45f4f4f44169ecdb6e5",
                "sha256:6f0bc902b43891656b20486938cba0861dc62892784a44919170719572a534cb"
            ],
            "index": "pypi",
            "version": "==0.8.1"
        },
        "django-extensions": {
            "hashes": [
                "sha256:50de8977794a66a91575dd40f87d5053608f679561731845edbd325ceeb387e3",
                "sha256:5f0fea7bf131ca303090352577a9e7f8bfbf5489bd9d9c8aea9401db28db34a0"
            ],
            "index": "pypi",
            "version": "==3.1.3"
        },
        "django-ical": {
            "hashes": [
                "sha256:0552d71595712129b78f104de175f6be6719c94b35f0e3b3679cf4e83938ec48",
                "sha256:12a4e1dd9a0daeb57b4bee89cae0b597ef76192447e633257a8840d2e6da27fc"
            ],
            "index": "pypi",
            "version": "==1.8.0"
        },
        "django-localflavor": {
            "hashes": [
                "sha256:6593865dc671333b3edc88e729e6d384d00b6db7891ef5d3a65db831a40050d2",
                "sha256:ac2fa377bbcba4cae95e97077d9e77c7f22b3d93e4845e2e133ba7e664043a44"
            ],
            "index": "pypi",
            "version": "==3.1"
        },
        "django-phonenumber-field": {
            "hashes": [
                "sha256:52b2e5970133ec5ab701218b802f7ab237229854dc95fd239b7e9e77dc43731d",
                "sha256:5547fb2b2cc690a306ba77a5038419afc8fa8298a486fb7895008e9067cc7e75"
            ],
            "index": "pypi",
            "version": "==5.2.0"
        },
        "django-recurrence": {
            "hashes": [
                "sha256:715f681f6af029ff3a8d73c7b1460abd8cbc5d5a5001efcb127032e84d9cb963",
                "sha256:9053b44b78b7fbfe3530673edfdd6d2f562105f8a192bc6a4b906a3df4f95f59"
            ],
            "version": "==1.10.3"
        },
        "django-tempus-dominus": {
            "hashes": [
                "sha256:1db4a8da59f6ff35f8de456676973edceeb3e34b532554aac7c19988fde4f37e",
                "sha256:6833918a8b076292179b30a36bec147e06ad2aebd59c639ade0b29102fa40a5d"
            ],
            "index": "pypi",
            "version": "==5.1.2.16"
        },
        "django-tinymce": {
            "hashes": [
                "sha256:3684d6611162cd3566b068cfeaf9309d415f1d415191a1f8a8c9140246774679",
                "sha256:77cca137e97e92e43e42c98a232df3e66b80c987ad0f03709a4b73435f8e4060"
            ],
            "index": "pypi",
            "version": "==3.3.0"
        },
        "docutils": {
            "hashes": [
                "sha256:686577d2e4c32380bb50cbb22f575ed742d58168cee37e99117a854bcd88f125",
                "sha256:cf316c8370a737a022b72b56874f6602acf974a37a9fba42ec2876387549fc61"
            ],
            "index": "pypi",
            "version": "==0.17.1"
        },
        "easy-thumbnails": {
            "hashes": [
                "sha256:9d7ed56a9b57aba7a8d0e03dc3b8507ca51aab5e0ed0bc705c3261ff1f659192",
                "sha256:a7dd9cf97efaf70ba5d76484a962f08ba65b31f1681bc417257743650e9e8a8a"
            ],
            "index": "pypi",
            "version": "==2.7.2"
        },
        "icalendar": {
            "hashes": [
                "sha256:cc73fa9c848744843046228cb66ea86cd8c18d73a51b140f7c003f760b84a997",
                "sha256:cf1446ffdf1b6ad469451a8966cfa7694f5fac796ac6fc7cd93e28c51a637d2c"
            ],
            "markers": "python_version >= '2.7' and python_version not in '3.0, 3.1, 3.2, 3.3'",
            "version": "==4.0.9"
        },
        "phonenumberslite": {
            "hashes": [
                "sha256:3eae6ea44b482d458a4486a21b8dea3d46533c86f6a715ae2632f8441cd8f2cc",
                "sha256:ad4e2a8e469158e186802ff226e8aa5fbbeff1bfa05c61df5384ca6d25f6b5f5"
            ],
            "index": "pypi",
            "version": "==8.12.35"
        },
        "pillow": {
            "hashes": [
                "sha256:066f3999cb3b070a95c3652712cffa1a748cd02d60ad7b4e485c3748a04d9d76",
                "sha256:0a0956fdc5defc34462bb1c765ee88d933239f9a94bc37d132004775241a7585",
                "sha256:0b052a619a8bfcf26bd8b3f48f45283f9e977890263e4571f2393ed8898d331b",
                "sha256:1394a6ad5abc838c5cd8a92c5a07535648cdf6d09e8e2d6df916dfa9ea86ead8",
                "sha256:1bc723b434fbc4ab50bb68e11e93ce5fb69866ad621e3c2c9bdb0cd70e345f55",
                "sha256:244cf3b97802c34c41905d22810846802a3329ddcb93ccc432870243211c79fc",
                "sha256:25a49dc2e2f74e65efaa32b153527fc5ac98508d502fa46e74fa4fd678ed6645",
                "sha256:2e4440b8f00f504ee4b53fe30f4e381aae30b0568193be305256b1462216feff",
                "sha256:3862b7256046fcd950618ed22d1d60b842e3a40a48236a5498746f21189afbbc",
                "sha256:3eb1ce5f65908556c2d8685a8f0a6e989d887ec4057326f6c22b24e8a172c66b",
                "sha256:3f97cfb1e5a392d75dd8b9fd274d205404729923840ca94ca45a0af57e13dbe6",
                "sha256:493cb4e415f44cd601fcec11c99836f707bb714ab03f5ed46ac25713baf0ff20",
                "sha256:4acc0985ddf39d1bc969a9220b51d94ed51695d455c228d8ac29fcdb25810e6e",
                "sha256:5503c86916d27c2e101b7f71c2ae2cddba01a2cf55b8395b0255fd33fa4d1f1a",
                "sha256:5b7bb9de00197fb4261825c15551adf7605cf14a80badf1761d61e59da347779",
                "sha256:5e9ac5f66616b87d4da618a20ab0a38324dbe88d8a39b55be8964eb520021e02",
                "sha256:620582db2a85b2df5f8a82ddeb52116560d7e5e6b055095f04ad828d1b0baa39",
                "sha256:62cc1afda735a8d109007164714e73771b499768b9bb5afcbbee9d0ff374b43f",
                "sha256:70ad9e5c6cb9b8487280a02c0ad8a51581dcbbe8484ce058477692a27c151c0a",
                "sha256:72b9e656e340447f827885b8d7a15fc8c4e68d410dc2297ef6787eec0f0ea409",
                "sha256:72cbcfd54df6caf85cc35264c77ede902452d6df41166010262374155947460c",
                "sha256:792e5c12376594bfcb986ebf3855aa4b7c225754e9a9521298e460e92fb4a488",
                "sha256:7b7017b61bbcdd7f6363aeceb881e23c46583739cb69a3ab39cb384f6ec82e5b",
                "sha256:81f8d5c81e483a9442d72d182e1fb6dcb9723f289a57e8030811bac9ea3fef8d",
                "sha256:82aafa8d5eb68c8463b6e9baeb4f19043bb31fefc03eb7b216b51e6a9981ae09",
                "sha256:84c471a734240653a0ec91dec0996696eea227eafe72a33bd06c92697728046b",
                "sha256:8c803ac3c28bbc53763e6825746f05cc407b20e4a69d0122e526a582e3b5e153",
                "sha256:93ce9e955cc95959df98505e4608ad98281fff037350d8c2671c9aa86bcf10a9",
                "sha256:9a3e5ddc44c14042f0844b8cf7d2cd455f6cc80fd7f5eefbe657292cf601d9ad",
                "sha256:a4901622493f88b1a29bd30ec1a2f683782e57c3c16a2dbc7f2595ba01f639df",
                "sha256:a5a4532a12314149d8b4e4ad8ff09dde7427731fcfa5917ff16d0291f13609df",
                "sha256:b8831cb7332eda5dc89b21a7bce7ef6ad305548820595033a4b03cf3091235ed",
                "sha256:b8e2f83c56e141920c39464b852de3719dfbfb6e3c99a2d8da0edf4fb33176ed",
                "sha256:c70e94281588ef053ae8998039610dbd71bc509e4acbc77ab59d7d2937b10698",
                "sha256:c8a17b5d948f4ceeceb66384727dde11b240736fddeda54ca740b9b8b1556b29",
                "sha256:d82cdb63100ef5eedb8391732375e6d05993b765f72cb34311fab92103314649",
                "sha256:d89363f02658e253dbd171f7c3716a5d340a24ee82d38aab9183f7fdf0cdca49",
                "sha256:d99ec152570e4196772e7a8e4ba5320d2d27bf22fdf11743dd882936ed64305b",
                "sha256:ddc4d832a0f0b4c52fff973a0d44b6c99839a9d016fe4e6a1cb8f3eea96479c2",
                "sha256:e3dacecfbeec9a33e932f00c6cd7996e62f53ad46fbe677577394aaa90ee419a",
                "sha256:eb9fc393f3c61f9054e1ed26e6fe912c7321af2f41ff49d3f83d05bacf22cc78"
            ],
            "index": "pypi",
            "version": "==8.4.0"
        },
        "psycopg2-binary": {
            "hashes": [
                "sha256:0b7dae87f0b729922e06f85f667de7bf16455d411971b2043bbd9577af9d1975",
                "sha256:0f2e04bd2a2ab54fa44ee67fe2d002bb90cee1c0f1cc0ebc3148af7b02034cbd",
                "sha256:123c3fb684e9abfc47218d3784c7b4c47c8587951ea4dd5bc38b6636ac57f616",
                "sha256:1473c0215b0613dd938db54a653f68251a45a78b05f6fc21af4326f40e8360a2",
                "sha256:14db1752acdd2187d99cb2ca0a1a6dfe57fc65c3281e0f20e597aac8d2a5bd90",
                "sha256:1e3a362790edc0a365385b1ac4cc0acc429a0c0d662d829a50b6ce743ae61b5a",
                "sha256:1e85b74cbbb3056e3656f1cc4781294df03383127a8114cbc6531e8b8367bf1e",
                "sha256:20f1ab44d8c352074e2d7ca67dc00843067788791be373e67a0911998787ce7d",
                "sha256:24b0b6688b9f31a911f2361fe818492650795c9e5d3a1bc647acbd7440142a4f",
                "sha256:2f62c207d1740b0bde5c4e949f857b044818f734a3d57f1d0d0edc65050532ed",
                "sha256:3242b9619de955ab44581a03a64bdd7d5e470cc4183e8fcadd85ab9d3756ce7a",
                "sha256:35c4310f8febe41f442d3c65066ca93cccefd75013df3d8c736c5b93ec288140",
                "sha256:4235f9d5ddcab0b8dbd723dca56ea2922b485ea00e1dafacf33b0c7e840b3d32",
                "sha256:542875f62bc56e91c6eac05a0deadeae20e1730be4c6334d8f04c944fcd99759",
                "sha256:5ced67f1e34e1a450cdb48eb53ca73b60aa0af21c46b9b35ac3e581cf9f00e31",
                "sha256:661509f51531ec125e52357a489ea3806640d0ca37d9dada461ffc69ee1e7b6e",
                "sha256:7360647ea04db2e7dff1648d1da825c8cf68dc5fbd80b8fb5b3ee9f068dcd21a",
                "sha256:736b8797b58febabb85494142c627bd182b50d2a7ec65322983e71065ad3034c",
                "sha256:8c13d72ed6af7fd2c8acbd95661cf9477f94e381fce0792c04981a8283b52917",
                "sha256:988b47ac70d204aed01589ed342303da7c4d84b56c2f4c4b8b00deda123372bf",
                "sha256:995fc41ebda5a7a663a254a1dcac52638c3e847f48307b5416ee373da15075d7",
                "sha256:a36c7eb6152ba5467fb264d73844877be8b0847874d4822b7cf2d3c0cb8cdcb0",
                "sha256:aed4a9a7e3221b3e252c39d0bf794c438dc5453bc2963e8befe9d4cd324dff72",
                "sha256:aef9aee84ec78af51107181d02fe8773b100b01c5dfde351184ad9223eab3698",
                "sha256:b0221ca5a9837e040ebf61f48899926b5783668b7807419e4adae8175a31f773",
                "sha256:b4d7679a08fea64573c969f6994a2631908bb2c0e69a7235648642f3d2e39a68",
                "sha256:c250a7ec489b652c892e4f0a5d122cc14c3780f9f643e1a326754aedf82d9a76",
                "sha256:ca86db5b561b894f9e5f115d6a159fff2a2570a652e07889d8a383b5fae66eb4",
                "sha256:cfc523edecddaef56f6740d7de1ce24a2fdf94fd5e704091856a201872e37f9f",
                "sha256:d92272c7c16e105788efe2cfa5d680f07e34e0c29b03c1908f8636f55d5f915a",
                "sha256:da113b70f6ec40e7d81b43d1b139b9db6a05727ab8be1ee559f3a69854a69d34",
                "sha256:f6fac64a38f6768e7bc7b035b9e10d8a538a9fadce06b983fb3e6fa55ac5f5ce",
                "sha256:f8559617b1fcf59a9aedba2c9838b5b6aa211ffedecabca412b92a1ff75aac1a",
                "sha256:fbb42a541b1093385a2d8c7eec94d26d30437d0e77c1d25dae1dcc46741a385e"
            ],
            "index": "pypi",
            "version": "==2.9.1"
        },
        "pycparser": {
            "hashes": [
                "sha256:2d475327684562c3a96cc71adf7dc8c4f0565175cf86b6d7a404ff4c771f15f0",
                "sha256:7582ad22678f0fcd81102833f60ef8d0e57288b6b5fb00323d101be910e35705"
            ],
            "markers": "python_version >= '2.7' and python_version not in '3.0, 3.1, 3.2, 3.3'",
            "version": "==2.20"
        },
        "python-dateutil": {
            "hashes": [
                "sha256:0123cacc1627ae19ddf3c27a5de5bd67ee4586fbdd6440d9748f8abb483d3e86",
                "sha256:961d03dc3453ebbc59dbdea9e4e11c5651520a876d0f4db161e8674aae935da9"
            ],
            "markers": "python_version >= '2.7' and python_version not in '3.0, 3.1, 3.2, 3.3'",
            "version": "==2.8.2"
        },
        "python-memcached": {
            "hashes": [
                "sha256:4dac64916871bd3550263323fc2ce18e1e439080a2d5670c594cf3118d99b594",
                "sha256:a2e28637be13ee0bf1a8b6843e7490f9456fd3f2a4cb60471733c7b5d5557e4f"
            ],
            "index": "pypi",
            "version": "==1.59"
        },
        "python-stdnum": {
            "hashes": [
                "sha256:374e2b5e13912ccdbf50b0b23fca2c3e0531174805c32d74e145f37756328340",
                "sha256:a46e6cf9652807314d369b654b255c86a59f93d18be2834f3d567ed1a346c547"
            ],
            "version": "==1.17"
        },
        "pytz": {
            "hashes": [
                "sha256:3672058bc3453457b622aab7a1c3bfd5ab0bdae451512f6cf25f64ed37f5b87c",
                "sha256:acad2d8b20a1af07d4e4c9d2e9285c5ed9104354062f275f3fcd88dcef4f1326"
            ],
            "version": "==2021.3"
        },
        "six": {
            "hashes": [
                "sha256:1e61c37477a1626458e36f7b1d82aa5c9b094fa4802892072e49de9c60c4c926",
                "sha256:8abb2f1d86890a2dfb989f9a77cfcfd3e47c2a354b01111771326f8aa26e0254"
            ],
            "markers": "python_version >= '2.7' and python_version not in '3.0, 3.1, 3.2, 3.3'",
            "version": "==1.16.0"
        },
        "sqlparse": {
            "hashes": [
                "sha256:0c00730c74263a94e5a9919ade150dfc3b19c574389985446148402998287dae",
                "sha256:48719e356bb8b42991bdbb1e8b83223757b93789c00910a616a071910ca4a64d"
            ],
            "markers": "python_version >= '3.5'",
            "version": "==0.4.2"
        }
    },
    "develop": {
        "appdirs": {
            "hashes": [
                "sha256:7d5d0167b2b1ba821647616af46a749d1c653740dd0d2415100fe26e27afdf41",
                "sha256:a841dacd6b99318a741b166adb07e19ee71a274450e68237b4650ca1055ab128"
            ],
            "version": "==1.4.4"
        },
        "asgiref": {
            "hashes": [
                "sha256:4ef1ab46b484e3c706329cedeff284a5d40824200638503f5768edb6de7d58e9",
                "sha256:ffc141aa908e6f175673e7b1b3b7af4fdb0ecb738fc5c8b88f69f055c2415214"
            ],
            "markers": "python_version >= '3.6'",
            "version": "==3.4.1"
        },
        "astroid": {
            "hashes": [
                "sha256:0e361da0744d5011d4f5d57e64473ba9b7ab4da1e2d45d6631ebd67dd28c3cce",
                "sha256:f9d66e3a4a0e5b52819b2ff41ac2b179df9d180697db71c92beb33a60c661794"
            ],
            "markers": "python_version ~= '3.6'",
            "version": "==2.8.3"
        },
        "attrs": {
            "hashes": [
                "sha256:149e90d6d8ac20db7a955ad60cf0e6881a3f20d37096140088356da6c716b0b1",
                "sha256:ef6aaac3ca6cd92904cdd0d83f629a15f18053ec84e6432106f7a4d04ae4f5fb"
            ],
            "markers": "python_version >= '2.7' and python_version not in '3.0, 3.1, 3.2, 3.3, 3.4'",
            "version": "==21.2.0"
        },
        "black": {
            "hashes": [
                "sha256:1fc0e0a2c8ae7d269dfcf0c60a89afa299664f3e811395d40b1922dff8f854b5",
                "sha256:e5cf21ebdffc7a9b29d73912b6a6a9a4df4ce70220d523c21647da2eae0751ef"
            ],
            "index": "pypi",
            "version": "==21.5b2"
        },
        "blowfish": {
            "hashes": [
                "sha256:1626d96d2672a6cf021d9b66a5013b6e594865403b4a06d75034e0a9ff1cbdc6",
                "sha256:a08c6a640ae39afab34dd73f7536a34fa318dfb4c281bc6cb246122210c1e176"
            ],
            "index": "pypi",
            "version": "==0.6.1"
        },
        "click": {
            "hashes": [
                "sha256:353f466495adaeb40b6b5f592f9f91cb22372351c84caeb068132442a4518ef3",
                "sha256:410e932b050f5eed773c4cda94de75971c89cdb3155a72a0831139a79e5ecb5b"
            ],
            "markers": "python_version >= '3.6'",
            "version": "==8.0.3"
        },
        "curlylint": {
            "hashes": [
                "sha256:0d38839f126b3fdd2561a7efa65d15a1c842aac98e555b2381f7c79478e1ff25",
                "sha256:63e5fc98f99c7b0eab0c4e3390356ad569b7bb3eecb6da115e6cb9ee98eb738f"
            ],
            "index": "pypi",
            "version": "==0.13.0"
        },
        "django": {
            "hashes": [
                "sha256:42573831292029639b798fe4d3812996bfe4ff3275f04566da90764daec011a5",
                "sha256:f6d2c4069c9b9bfac03bedff927ea1f9e0d29e34525cec8a68fd28eb2a8df7af"
            ],
            "index": "pypi",
            "version": "==3.2.8"
        },
        "django-rename-app": {
            "hashes": [
                "sha256:195d2fa09eec8ed57577f7bf57a3c6944bdb6447fe47c07be0e575fb2e325742",
                "sha256:bba31d33de4614124e2cd2f22fcea07b2affbbb2cf877a26893e0c15465fbfab"
            ],
            "index": "pypi",
            "version": "==0.1.3"
        },
        "isort": {
            "hashes": [
                "sha256:9c2ea1e62d871267b78307fe511c0838ba0da28698c5732d54e2790bf3ba9899",
                "sha256:e17d6e2b81095c9db0a03a8025a957f334d6ea30b26f9ec70805411e5c7c81f2"
            ],
            "index": "pypi",
            "version": "==5.9.3"
        },
        "lazy-object-proxy": {
            "hashes": [
                "sha256:17e0967ba374fc24141738c69736da90e94419338fd4c7c7bef01ee26b339653",
                "sha256:1fee665d2638491f4d6e55bd483e15ef21f6c8c2095f235fef72601021e64f61",
                "sha256:22ddd618cefe54305df49e4c069fa65715be4ad0e78e8d252a33debf00f6ede2",
                "sha256:24a5045889cc2729033b3e604d496c2b6f588c754f7a62027ad4437a7ecc4837",
                "sha256:410283732af311b51b837894fa2f24f2c0039aa7f220135192b38fcc42bd43d3",
                "sha256:4732c765372bd78a2d6b2150a6e99d00a78ec963375f236979c0626b97ed8e43",
                "sha256:489000d368377571c6f982fba6497f2aa13c6d1facc40660963da62f5c379726",
                "sha256:4f60460e9f1eb632584c9685bccea152f4ac2130e299784dbaf9fae9f49891b3",
                "sha256:5743a5ab42ae40caa8421b320ebf3a998f89c85cdc8376d6b2e00bd12bd1b587",
                "sha256:85fb7608121fd5621cc4377a8961d0b32ccf84a7285b4f1d21988b2eae2868e8",
                "sha256:9698110e36e2df951c7c36b6729e96429c9c32b3331989ef19976592c5f3c77a",
                "sha256:9d397bf41caad3f489e10774667310d73cb9c4258e9aed94b9ec734b34b495fd",
                "sha256:b579f8acbf2bdd9ea200b1d5dea36abd93cabf56cf626ab9c744a432e15c815f",
                "sha256:b865b01a2e7f96db0c5d12cfea590f98d8c5ba64ad222300d93ce6ff9138bcad",
                "sha256:bf34e368e8dd976423396555078def5cfc3039ebc6fc06d1ae2c5a65eebbcde4",
                "sha256:c6938967f8528b3668622a9ed3b31d145fab161a32f5891ea7b84f6b790be05b",
                "sha256:d1c2676e3d840852a2de7c7d5d76407c772927addff8d742b9808fe0afccebdf",
                "sha256:d7124f52f3bd259f510651450e18e0fd081ed82f3c08541dffc7b94b883aa981",
                "sha256:d900d949b707778696fdf01036f58c9876a0d8bfe116e8d220cfd4b15f14e741",
                "sha256:ebfd274dcd5133e0afae738e6d9da4323c3eb021b3e13052d8cbd0e457b1256e",
                "sha256:ed361bb83436f117f9917d282a456f9e5009ea12fd6de8742d1a4752c3017e93",
                "sha256:f5144c75445ae3ca2057faac03fda5a902eff196702b0a24daf1d6ce0650514b"
            ],
            "markers": "python_version >= '2.7' and python_version not in '3.0, 3.1, 3.2, 3.3, 3.4, 3.5'",
            "version": "==1.6.0"
        },
        "mccabe": {
            "hashes": [
                "sha256:ab8a6258860da4b6677da4bd2fe5dc2c659cff31b3ee4f7f5d64e79735b80d42",
                "sha256:dd8d182285a0fe56bace7f45b5e7d1a6ebcbf524e8f3bd87eb0f125271b8831f"
            ],
            "version": "==0.6.1"
        },
        "mypy-extensions": {
            "hashes": [
                "sha256:090fedd75945a69ae91ce1303b5824f428daf5a028d2f6ab8a299250a846f15d",
                "sha256:2d82818f5bb3e369420cb3c4060a7970edba416647068eb4c5343488a6c604a8"
            ],
            "version": "==0.4.3"
        },
        "mysql-connector": {
            "hashes": [
                "sha256:1733e6ce52a049243de3264f1fbc22a852cb35458c4ad739ba88189285efdf32"
            ],
            "index": "pypi",
            "version": "==2.2.9"
        },
        "parsy": {
            "hashes": [
                "sha256:25bd5cea2954950ebbfdf71f8bdaf7fd45a5df5325fd36a1064be2204d9d4c94",
                "sha256:36173ba01a5372c7a1b32352cc73a279a49198f52252adf1c8c1ed41d1f94e8d"
            ],
            "version": "==1.1.0"
        },
        "pathspec": {
            "hashes": [
                "sha256:7d15c4ddb0b5c802d161efc417ec1a2558ea2653c2e8ad9c19098201dc1c993a",
                "sha256:e564499435a2673d586f6b2130bb5b95f04a3ba06f81b8f895b651a3c76aabb1"
            ],
            "version": "==0.9.0"
        },
        "platformdirs": {
            "hashes": [
                "sha256:367a5e80b3d04d2428ffa76d33f124cf11e8fff2acdaa9b43d545f5c7d661ef2",
                "sha256:8868bbe3c3c80d42f20156f22e7131d2fb321f5bc86a2a345375c6481a67021d"
            ],
            "markers": "python_version >= '3.6'",
            "version": "==2.4.0"
        },
        "pylint": {
            "hashes": [
                "sha256:0f358e221c45cbd4dad2a1e4b883e75d28acdcccd29d40c76eb72b307269b126",
                "sha256:2c9843fff1a88ca0ad98a256806c82c5a8f86086e7ccbdb93297d86c3f90c436"
            ],
            "index": "pypi",
            "version": "==2.11.1"
        },
        "pytz": {
            "hashes": [
                "sha256:3672058bc3453457b622aab7a1c3bfd5ab0bdae451512f6cf25f64ed37f5b87c",
                "sha256:acad2d8b20a1af07d4e4c9d2e9285c5ed9104354062f275f3fcd88dcef4f1326"
            ],
            "version": "==2021.3"
        },
        "regex": {
            "hashes": [
                "sha256:0f82de529d7595011a40573cc0f27422e59cafa94943b64a4d17d966d75f2c01",
                "sha256:130a002fa386c976615a2f6d6dff0fcc25da24858994a36b14d2e3129dce7de2",
                "sha256:164e51ace4d00f07c519f85ec2209e8faaeab18bc77be6b35685c18d4ac1c22a",
                "sha256:19c4fd59747236423016ccd89b9a6485d958bf1aa7a8a902a6ba28029107a87f",
                "sha256:201890fdc8a65396cfb6aa4493201353b2a6378e27d2de65234446f8329233cb",
                "sha256:2044174af237bb9c56ecc07294cf38623ee379e8dca14b01e970f8b015c71917",
                "sha256:2ff91696888755e96230138355cbe8ce2965d930d967d6cff7c636082d038c78",
                "sha256:3b5a0660a63b0703380758a7141b96cc1c1a13dee2b8e9c280a2522962fd12af",
                "sha256:468de52dd3f20187ab5ca4fd265c1bea61a5346baef01ad0333a5e89fa9fad29",
                "sha256:4832736b3f24617e63dc919ce8c4215680ba94250a5d9e710fcc0c5f457b5028",
                "sha256:5b75a3db3aab0bfa51b6af3f820760779d360eb79f59e32c88c7fba648990b4f",
                "sha256:678d9a4ce79e1eaa4ebe88bc9769df52919eb30c597576a0deba1f3cf2360e65",
                "sha256:72a0b98d41c4508ed23a96eef41090f78630b44ba746e28cd621ecbe961e0a16",
                "sha256:740a28580520b099b804776db1e919360fcbf30a734a14c5985d5e39a39e7237",
                "sha256:74d03c256cf0aed81997e87be8e24297b5792c9718f3a735f5055ddfad392f06",
                "sha256:8bd83d9b8ee125350cd666b55294f4bc9993c4f0d9b1be9344a318d0762e94cc",
                "sha256:98743a2d827a135bf3390452be18d95839b947a099734d53c17e09a64fc09480",
                "sha256:98fe0e1b07a314f0a86dc58af4e717c379d48a403eddd8d966ab9b8bf91ce164",
                "sha256:9c613d797a3790f6b12e78a61e1cd29df7fc88135218467cf8b0891353292b9c",
                "sha256:9cd14f22425beecf727f6dbdf5c893e46ecbc5ff16197c16a6f38a9066f2d4d5",
                "sha256:ad1fedca001fefc3030d1e9022b038af429e58dc06a7e9c55e40bd1f834582ec",
                "sha256:b9dfba513eae785e3d868803f5a7e21a032cb2b038fa4a1ea7ec691037426ad3",
                "sha256:bc4637390235f1e3e2fcdd3e904ca0b42aa655ae28a78072248b2992b4ad4c08",
                "sha256:c0f49f1f03be3e4a5faaadc35db7afa2b83a871943b889f9f7bba56e0e2e8bd5",
                "sha256:c5a2ac760f2fc13a1c58131ec217779911890899ce1a0a63c9409bd23fecde6f",
                "sha256:d6432daf42f2c487b357e1aa0bdc43193f050ff53a3188bfab20b88202b53027",
                "sha256:dc1a9bedf389bf3d3627a4d2b21cbdc5fe5e0f029d1f465972f4437833dcc946",
                "sha256:de7dbf72ae80f06e79444ff9614fb5e3a7956645d513b0e12d1bbe6f3ccebd11",
                "sha256:ded4748c7be6f31fb207387ee83a3a0f625e700defe32f268cb1d350ed6e4a66",
                "sha256:e39eafa854e469d7225066c806c76b9a0acba5ff5ce36c82c0224b75e24888f2",
                "sha256:edff4e31d159672a7b9d70164b21289e4b53b239ce1dc945bf9643d266537573",
                "sha256:f1b23304855303bd97b5954edab63b8ddd56c91c41c6d4eba408228c0bae95f3",
                "sha256:f3da121de36a9ead0f32b44ea720ee8c87edbb59dca6bb980d18377d84ad58a3",
                "sha256:f68c71aabb10b1352a06515e25a425a703ba85660ae04cf074da5eb91c0af5e5",
                "sha256:f82d3adde46ac9188db3aa7e6e1690865ebb6448d245df5a3ea22284f70d9e46",
                "sha256:fd1bfc6b7347de9f0ae1fb6f9080426bed6a9ca55b5766fa4fdf7b3a29ccae9c"
            ],
            "version": "==2021.10.21"
        },
        "sqlparse": {
            "hashes": [
                "sha256:0c00730c74263a94e5a9919ade150dfc3b19c574389985446148402998287dae",
                "sha256:48719e356bb8b42991bdbb1e8b83223757b93789c00910a616a071910ca4a64d"
            ],
            "markers": "python_version >= '3.5'",
            "version": "==0.4.2"
        },
        "toml": {
            "hashes": [
                "sha256:806143ae5bfb6a3c6e736a764057db0e6a0e05e338b5630894a5f779cabb4f9b",
                "sha256:b3bda1d108d5dd99f4a20d24d9c348e91c4db7ab1b749200bded2f839ccbe68f"
            ],
            "markers": "python_version >= '2.6' and python_version not in '3.0, 3.1, 3.2, 3.3'",
            "version": "==0.10.2"
        },
        "typing-extensions": {
            "hashes": [
                "sha256:49f75d16ff11f1cd258e1b988ccff82a3ca5570217d7ad8c5f48205dd99a677e",
                "sha256:d8226d10bc02a29bcc81df19a26e56a9647f8b0a6d4a83924139f4a8b01f17b7",
                "sha256:f1d25edafde516b146ecd0613dabcc61409817af4766fbbcfb8d1ad4ec441a34"
            ],
            "markers": "python_version < '3.10'",
            "version": "==3.10.0.2"
        },
        "wrapt": {
            "hashes": [
                "sha256:0473d1558b93e314e84313cc611f6c86be779369f9d3734302bf185a4d2625b1",
                "sha256:0582180566e7a13030f896c2f1ac6a56134ab5f3c3f4c5538086f758b1caf3f2",
                "sha256:15eee0e6fd07f48af2f66d0e6f2ff1916ffe9732d464d5e2390695296872cad9",
                "sha256:1c5c4cf188b5643a97e87e2110bbd4f5bc491d54a5b90633837b34d5df6a03fe",
                "sha256:1eb657ed84f4d3e6ad648483c8a80a0cf0a78922ef94caa87d327e2e1ad49b48",
                "sha256:22142afab65daffc95863d78effcbd31c19a8003eca73de59f321ee77f73cadb",
                "sha256:283e402e5357e104ac1e3fba5791220648e9af6fb14ad7d9cc059091af2b31d2",
                "sha256:3de7b4d3066cc610054e7aa2c005645e308df2f92be730aae3a47d42e910566a",
                "sha256:3e0d16eedc242d01a6f8cf0623e9cdc3b869329da3f97a15961d8864111d8cf0",
                "sha256:3e33c138d1e3620b1e0cc6fd21e46c266393ed5dae0d595b7ed5a6b73ed57aa0",
                "sha256:3f87042623530bcffea038f824b63084180513c21e2e977291a9a7e65a66f13b",
                "sha256:53c6706a1bcfb6436f1625511b95b812798a6d2ccc51359cd791e33722b5ea32",
                "sha256:593cb049ce1c391e0288523b30426c4430b26e74c7e6f6e2844bd99ac7ecc831",
                "sha256:6e6d1a8eeef415d7fb29fe017de0e48f45e45efd2d1bfda28fc50b7b330859ef",
                "sha256:724ed2bc9c91a2b9026e5adce310fa60c6e7c8760b03391445730b9789b9d108",
                "sha256:728e2d9b7a99dd955d3426f237b940fc74017c4a39b125fec913f575619ddfe9",
                "sha256:7574de567dcd4858a2ffdf403088d6df8738b0e1eabea220553abf7c9048f59e",
                "sha256:8164069f775c698d15582bf6320a4f308c50d048c1c10cf7d7a341feaccf5df7",
                "sha256:81a4cf257263b299263472d669692785f9c647e7dca01c18286b8f116dbf6b38",
                "sha256:82223f72eba6f63eafca87a0f614495ae5aa0126fe54947e2b8c023969e9f2d7",
                "sha256:8318088860968c07e741537030b1abdd8908ee2c71fbe4facdaade624a09e006",
                "sha256:83f2793ec6f3ef513ad8d5b9586f5ee6081cad132e6eae2ecb7eac1cc3decae0",
                "sha256:87ee3c73bdfb4367b26c57259995935501829f00c7b3eed373e2ad19ec21e4e4",
                "sha256:8860c8011a6961a651b1b9f46fdbc589ab63b0a50d645f7d92659618a3655867",
                "sha256:9adee1891253670575028279de8365c3a02d3489a74a66d774c321472939a0b1",
                "sha256:a0cdedf681db878416c05e1831ec69691b0e6577ac7dca9d4f815632e3549580",
                "sha256:a70d876c9aba12d3bd7f8f1b05b419322c6789beb717044eea2c8690d35cb91b",
                "sha256:ada5e29e59e2feb710589ca1c79fd989b1dd94d27079dc1d199ec954a6ecc724",
                "sha256:af9480de8e63c5f959a092047aaf3d7077422ded84695b3398f5d49254af3e90",
                "sha256:b20703356cae1799080d0ad15085dc3213c1ac3f45e95afb9f12769b98231528",
                "sha256:bc85d17d90201afd88e3d25421da805e4e135012b5d1f149e4de2981394b2a52",
                "sha256:bff0a59387a0a2951cb869251257b6553663329a1b5525b5226cab8c88dcbe7e",
                "sha256:c65e623ea7556e39c4f0818200a046cbba7575a6b570ff36122c276fdd30ab0a",
                "sha256:c6ee5f8734820c21b9b8bf705e99faba87f21566d20626568eeb0d62cbeaf23c",
                "sha256:c7ac2c7a8e34bd06710605b21dd1f3576764443d68e069d2afba9b116014d072",
                "sha256:ccb34ce599cab7f36a4c90318697ead18312c67a9a76327b3f4f902af8f68ea1",
                "sha256:d0d717e10f952df7ea41200c507cc7e24458f4c45b56c36ad418d2e79dacd1d4",
                "sha256:d90520616fce71c05dedeac3a0fe9991605f0acacd276e5f821842e454485a70",
                "sha256:dca56cc5963a5fd7c2aa8607017753f534ee514e09103a6c55d2db70b50e7447",
                "sha256:df3eae297a5f1594d1feb790338120f717dac1fa7d6feed7b411f87e0f2401c7",
                "sha256:e634136f700a21e1fcead0c137f433dde928979538c14907640607d43537d468",
                "sha256:fbad5ba74c46517e6488149514b2e2348d40df88cd6b52a83855b7a8bf04723f",
                "sha256:fbe6aebc9559fed7ea27de51c2bf5c25ba2a4156cf0017556f72883f2496ee9a",
                "sha256:fdede980273aeca591ad354608778365a3a310e0ecdd7a3587b38bc5be9b1808"
            ],
            "markers": "python_version >= '2.7' and python_version not in '3.0, 3.1, 3.2, 3.3, 3.4'",
            "version": "==1.13.2"
        }
    }
}
