# This file is generated by running "yarn install" inside your project.
# Manual changes might be lost - proceed with caution!

__metadata:
  version: 4
  cacheKey: 7

"@forevolve/bootstrap-dark@npm:^1.0.0":
  version: 1.0.0
  resolution: "@forevolve/bootstrap-dark@npm:1.0.0"
  dependencies:
    bootstrap: ^4.6.0
    jquery: ^3.5.1
    popper.js: ^1.16.1
  checksum: 5ce5b43be1ee17738c5f30704ed4235cfcf462e96c24131ac4620a6b045b96135761b6fd50df4dd302324fc78d43f45cbfcb04ccfeaed2627cc006108ced7677
  languageName: node
  linkType: hard

"@fortawesome/fontawesome-free@npm:^5.15.3":
  version: 5.15.3
  resolution: "@fortawesome/fontawesome-free@npm:5.15.3"
  checksum: aa299f7699d41787b86dab36996f12881096ee54a0c8ea73891177e14bd6edba9a790ec866fb871bdd9dc9927c7a56214fab8bf457dffb172433ea1747471811
  languageName: node
  linkType: hard

"bootstrap@npm:^4.5.2, bootstrap@npm:^4.6.0":
  version: 4.6.0
  resolution: "bootstrap@npm:4.6.0"
  peerDependencies:
    jquery: 1.9.1 - 3
    popper.js: ^1.16.1
  checksum: 66019b6969b997eb3bcec7276010263df643b2607db00dbbd13f451d6f6d57fa5b563cd9712a4814024e5489faf5e2d73c553a1ebea1b61d0e1ab766e4805229
  languageName: node
  linkType: hard

"bs-custom-file-input@npm:^1.3.4":
  version: 1.3.4
  resolution: "bs-custom-file-input@npm:1.3.4"
  checksum: b7590d7929d7f264754a1c76266477337a636a2ae7958d0bdb0e7dd8a9227aca260ebca5d6faf74dcd2cf9f4499023bf3af0a681aae114a72546fe0c60e8c5df
  languageName: node
  linkType: hard

"jquery@npm:^3.5.0, jquery@npm:^3.5.1, jquery@npm:^3.6.0":
  version: 3.6.0
  resolution: "jquery@npm:3.6.0"
  checksum: a0a819022a1bdff5efa79bbd9d4d7352de5bd32dabe42108e6ec0797238dba36c09c108e0eea2724f5d03acc1b30ee87d76bec80e15b9510106532292ebe6ba4
  languageName: node
  linkType: hard

"moment-timezone@npm:^0.5.28, moment-timezone@npm:^0.5.31":
  version: 0.5.33
  resolution: "moment-timezone@npm:0.5.33"
  dependencies:
    moment: ">= 2.9.0"
  checksum: d4e72a3514a2885ab26b1cbc640e2f4785c997f9de28bb48bf3994ef137b0a560ca8f07eb07f11121e1223eef0c3bce4bc647b911111481a6a066bbc61285f99
  languageName: node
  linkType: hard

"moment@npm:>= 2.9.0, moment@npm:^2.29.0":
  version: 2.29.1
  resolution: "moment@npm:2.29.1"
  checksum: 86729013febf7160de5b93da69273dd304d674b0224f9544b3abd09a87671ddd2cdd57598261ce57588910d63747ffd5590965e83c790d8bf327083c0e0a06e0
  languageName: node
  linkType: hard

"moment@npm:~2.24.0":
  version: 2.24.0
  resolution: "moment@npm:2.24.0"
  checksum: 983617bc51c8121a88d9530671fb9e5dc2c71d67ba5bf1b16ebef25b51bd3d1291f17735ac33e8604f4984a275561dfe0fb883664eceacf8f67291ffd26acee9
  languageName: node
  linkType: hard

"packman@workspace:.":
  version: 0.0.0-use.local
  resolution: "packman@workspace:."
  dependencies:
    "@forevolve/bootstrap-dark": ^1.0.0
    "@fortawesome/fontawesome-free": ^5.15.3
    bootstrap: ^4.6.0
    bs-custom-file-input: ^1.3.4
    jquery: ^3.6.0
    popper.js: ^1.16.1
    tempusdominus-bootstrap-4: ^5.39.0
    tempusdominus-core: ^5.19.0
  languageName: unknown
  linkType: soft

"popper.js@npm:^1.16.1":
  version: 1.16.1
  resolution: "popper.js@npm:1.16.1"
  checksum: eb53806fb7680e31c7d1db096f95438a40a7cb869f7ee0e27100c0860f11583a0d322606c6073618e7fe8865f834ec36482901b547256d9a0cf2b22434bca75d
  languageName: node
  linkType: hard

"tempusdominus-bootstrap-4@npm:^5.39.0":
  version: 5.39.0
  resolution: "tempusdominus-bootstrap-4@npm:5.39.0"
  dependencies:
    bootstrap: ^4.5.2
    jquery: ^3.5.1
    moment: ^2.29.0
    moment-timezone: ^0.5.31
    popper.js: ^1.16.1
  peerDependencies:
    bootstrap: ">=4.5.2"
    jquery: ^3.5.1
    moment: ^2.29.0
    moment-timezone: ^0.5.31
    popper.js: ^1.16.1
    tempusdominus-core: 5.19.0
  checksum: 8a3308bb77214bb7e869998c0079f00b38c5a17a6f1c8fe5d63a52061bc70e6a06099dac42ad593e710a64e69d8deae61e3899dc98bcf609f422a7ac896a6401
  languageName: node
  linkType: hard

"tempusdominus-core@npm:^5.19.0":
  version: 5.19.0
  resolution: "tempusdominus-core@npm:5.19.0"
  dependencies:
    jquery: ^3.5.0
    moment: ~2.24.0
    moment-timezone: ^0.5.28
  peerDependencies:
    jquery: ^3.0
    moment: ^2.10
    moment-timezone: ^0.5.0
  checksum: a992b0d4baf8c4a3f90ae5f1c93d82b98d9947304a9cb71aecebdfd26fd6f9322f92a0618280341aa57b7659b04c8a63ea580560be506dc0e54fd51f8da13591
  languageName: node
  linkType: hard
