# THIS IS AN AUTOGENERATED FILE. DO NOT EDIT THIS FILE DIRECTLY.
# yarn lockfile v1


"@forevolve/bootstrap-dark@^1.0.0-alpha.1075":
  version "1.0.0-alpha.1091"
  resolved "https://registry.yarnpkg.com/@forevolve/bootstrap-dark/-/bootstrap-dark-1.0.0-alpha.1091.tgz#8bb5d30d88456c5891534b3138cbb3b8126ea616"
  integrity sha512-nclqiPd77TfSPfHfA/rTfJrsH2vpwybnCIOotw7iU7Nb43JzroQqBDHnTev6N64lS5lgNLqwoVe43DlX3n0fbQ==
  dependencies:
    bootstrap "^4.5.0"
    jquery "^3.5.1"
    popper.js "^1.16.1"

"@fortawesome/fontawesome-free@^5.11.2":
  version "5.15.1"
  resolved "https://registry.yarnpkg.com/@fortawesome/fontawesome-free/-/fontawesome-free-5.15.1.tgz#ccfef6ddbe59f8fe8f694783e1d3eb88902dc5eb"
  integrity sha512-OEdH7SyC1suTdhBGW91/zBfR6qaIhThbcN8PUXtXilY4GYnSBbVqOntdHbC1vXwsDnX0Qix2m2+DSU1J51ybOQ==

bootstrap@^4.5.0, bootstrap@^4.5.2:
  version "4.5.3"
  resolved "https://registry.yarnpkg.com/bootstrap/-/bootstrap-4.5.3.tgz#c6a72b355aaf323920be800246a6e4ef30997fe6"
  integrity sha512-o9ppKQioXGqhw8Z7mah6KdTYpNQY//tipnkxppWhPbiSWdD+1raYsnhwEZjkTHYbGee4cVQ0Rx65EhOY/HNLcQ==

bs-custom-file-input@^1.3.2:
  version "1.3.4"
  resolved "https://registry.yarnpkg.com/bs-custom-file-input/-/bs-custom-file-input-1.3.4.tgz#c275cb8d4f1c02ba026324292509fa9a747dbda8"
  integrity sha512-NBsQzTnef3OW1MvdKBbMHAYHssCd613MSeJV7z2McXznWtVMnJCy7Ckyc+PwxV6Pk16cu6YBcYWh/ZE0XWNKCA==

jquery@^3.5.1:
  version "3.5.1"
  resolved "https://registry.yarnpkg.com/jquery/-/jquery-3.5.1.tgz#d7b4d08e1bfdb86ad2f1a3d039ea17304717abb5"
  integrity sha512-XwIBPqcMn57FxfT+Go5pzySnm4KWkT1Tv7gjrpT1srtf8Weynl6R273VJ5GjkRb51IzMp5nbaPjJXMWeju2MKg==

moment-timezone@^0.5.31:
  version "0.5.32"
  resolved "https://registry.yarnpkg.com/moment-timezone/-/moment-timezone-0.5.32.tgz#db7677cc3cc680fd30303ebd90b0da1ca0dfecc2"
  integrity sha512-Z8QNyuQHQAmWucp8Knmgei8YNo28aLjJq6Ma+jy1ZSpSk5nyfRT8xgUbSQvD2+2UajISfenndwvFuH3NGS+nvA==
  dependencies:
    moment ">= 2.9.0"

"moment@>= 2.9.0", moment@^2.29.0:
  version "2.29.1"
  resolved "https://registry.yarnpkg.com/moment/-/moment-2.29.1.tgz#b2be769fa31940be9eeea6469c075e35006fa3d3"
  integrity sha512-kHmoybcPV8Sqy59DwNDY3Jefr64lK/by/da0ViFcuA4DH0vQg5Q6Ze5VimxkfQNSC+Mls/Kx53s7TjP1RhFEDQ==

popper.js@^1.16.0, popper.js@^1.16.1:
  version "1.16.1"
  resolved "https://registry.yarnpkg.com/popper.js/-/popper.js-1.16.1.tgz#2a223cb3dc7b6213d740e40372be40de43e65b1b"
  integrity sha512-Wb4p1J4zyFTbM+u6WuO4XstYx4Ky9Cewe4DWrel7B0w6VVICvPwdOpotjzcf6eD8TsckVnIMNONQyPIUFOUbCQ==

tempusdominus-bootstrap-4@^5.1.2:
  version "5.39.0"
  resolved "https://registry.yarnpkg.com/tempusdominus-bootstrap-4/-/tempusdominus-bootstrap-4-5.39.0.tgz#f13dcfec6c41b37c5fe509f08bd513590c64411f"
  integrity sha512-vYnkmQYQq4+A51WyRc/6e03eM0BHDoPaxd556K1pd4Nhr0eGeB3+Mi9b+3CDx4189fg3gQlrsKzgJiHPRwSX3Q==
  dependencies:
    bootstrap "^4.5.2"
    jquery "^3.5.1"
    moment "^2.29.0"
    moment-timezone "^0.5.31"
    popper.js "^1.16.1"
